{
  "name": "vscode-arduino-cli-wrapper",
  "version": "1.9.5",
  "lockfileVersion": 3,
  "requires": true,
  "packages": {
    "": {
      "name": "vscode-arduino-cli-wrapper",
      "version": "1.9.5",
      "license": "CC0-1.0",
      "dependencies": {
        "embed-asset-tool": "1.0.0"
      },
      "engines": {
        "vscode": "^1.84.0"
      }
    },
    "node_modules/embed-asset-tool": {
      "version": "1.0.0",
      "resolved": "https://registry.npmjs.org/embed-asset-tool/-/embed-asset-tool-1.0.0.tgz",
      "integrity": "sha512-X+waU/plHBPXyOtIpKs2dyNbtFM5+x/8PnSPMOEs+KezF/54Plp989UApKZXu0C5pePTFPSiNeaQkqswM0MuqQ==",
      "license": "MIT",
      "bin": {
        "embed-asset-tool": "bin/embed-asset-tool.js"
      },
      "engines": {
        "node": ">=18"
      }
    }
  }
}
